
Microsoft Visual Studio Solution File, Format Version 12.00
# Visual Studio 14
VisualStudioVersion = 14.0.24720.0
MinimumVisualStudioVersion = 10.0.40219.1
Project("{FAE04EC0-301F-11D3-BF4B-00C04F79EFBC}") = "RomanNumerals", "RomanNumerals\RomanNumerals.csproj", "{75EB1CC7-9DD8-485B-8FDC-8A5064078747}"
EndProject
Project("{FAE04EC0-301F-11D3-BF4B-00C04F79EFBC}") = "RomanNumerals.Tests", "RomanNumerals.Tests\RomanNumerals.Tests.csproj", "{EA63F663-B545-4D38-A583-790A12C09E48}"
EndProject
Global
	GlobalSection(SolutionConfigurationPlatforms) = preSolution
		Debug|Any CPU = Debug|Any CPU
		Release|Any CPU = Release|Any CPU
	EndGlobalSection
	GlobalSection(ProjectConfigurationPlatforms) = postSolution
		{75EB1CC7-9DD8-485B-8FDC-8A5064078747}.Debug|Any CPU.ActiveCfg = Debug|Any CPU
		{75EB1CC7-9DD8-485B-8FDC-8A5064078747}.Debug|Any CPU.Build.0 = Debug|Any CPU
		{75EB1CC7-9DD8-485B-8FDC-8A5064078747}.Release|Any CPU.ActiveCfg = Release|Any CPU
		{75EB1CC7-9DD8-485B-8FDC-8A5064078747}.Release|Any CPU.Build.0 = Release|Any CPU
		{EA63F663-B545-4D38-A583-790A12C09E48}.Debug|Any CPU.ActiveCfg = Debug|Any CPU
		{EA63F663-B545-4D38-A583-790A12C09E48}.Debug|Any CPU.Build.0 = Debug|Any CPU
		{EA63F663-B545-4D38-A583-790A12C09E48}.Release|Any CPU.ActiveCfg = Release|Any CPU
		{EA63F663-B545-4D38-A583-790A12C09E48}.Release|Any CPU.Build.0 = Release|Any CPU
	EndGlobalSection
	GlobalSection(SolutionProperties) = preSolution
		HideSolutionNode = FALSE
	EndGlobalSection
EndGlobal
